
Microsoft Visual Studio Solution File, Format Version 12.00
# Visual Studio Version 16
VisualStudioVersion = 16.0.29613.14
MinimumVisualStudioVersion = 10.0.40219.1
Project("{FAE04EC0-301F-11D3-BF4B-00C04F79EFBC}") = "CloudDataEncryptor", "CloudDataEncryptor\CloudDataEncryptor.csproj", "{12370402-04E3-4ED4-B5D1-4E4D338F9427}"
EndProject
Project("{FAE04EC0-301F-11D3-BF4B-00C04F79EFBC}") = "EncrptorEngineLib", "EncrptorEngineLib\EncrptorEngineLib.csproj", "{2111EF3B-1B4A-42EF-AFC0-8BCEBFC4A987}"
EndProject
Project("{FAE04EC0-301F-11D3-BF4B-00C04F79EFBC}") = "CloudAppDecryptor", "CloudAppDecryptor\CloudAppDecryptor.csproj", "{4565358A-EF00-4440-8727-3D51F185D58B}"
EndProject
Global
	GlobalSection(SolutionConfigurationPlatforms) = preSolution
		Debug|Any CPU = Debug|Any CPU
		Release|Any CPU = Release|Any CPU
	EndGlobalSection
	GlobalSection(ProjectConfigurationPlatforms) = postSolution
		{12370402-04E3-4ED4-B5D1-4E4D338F9427}.Debug|Any CPU.ActiveCfg = Debug|Any CPU
		{12370402-04E3-4ED4-B5D1-4E4D338F9427}.Debug|Any CPU.Build.0 = Debug|Any CPU
		{12370402-04E3-4ED4-B5D1-4E4D338F9427}.Release|Any CPU.ActiveCfg = Release|Any CPU
		{12370402-04E3-4ED4-B5D1-4E4D338F9427}.Release|Any CPU.Build.0 = Release|Any CPU
		{2111EF3B-1B4A-42EF-AFC0-8BCEBFC4A987}.Debug|Any CPU.ActiveCfg = Debug|Any CPU
		{2111EF3B-1B4A-42EF-AFC0-8BCEBFC4A987}.Debug|Any CPU.Build.0 = Debug|Any CPU
		{2111EF3B-1B4A-42EF-AFC0-8BCEBFC4A987}.Release|Any CPU.ActiveCfg = Release|Any CPU
		{2111EF3B-1B4A-42EF-AFC0-8BCEBFC4A987}.Release|Any CPU.Build.0 = Release|Any CPU
		{4565358A-EF00-4440-8727-3D51F185D58B}.Debug|Any CPU.ActiveCfg = Debug|Any CPU
		{4565358A-EF00-4440-8727-3D51F185D58B}.Debug|Any CPU.Build.0 = Debug|Any CPU
		{4565358A-EF00-4440-8727-3D51F185D58B}.Release|Any CPU.ActiveCfg = Release|Any CPU
		{4565358A-EF00-4440-8727-3D51F185D58B}.Release|Any CPU.Build.0 = Release|Any CPU
	EndGlobalSection
	GlobalSection(SolutionProperties) = preSolution
		HideSolutionNode = FALSE
	EndGlobalSection
	GlobalSection(ExtensibilityGlobals) = postSolution
		SolutionGuid = {755DDB79-B8F6-4762-9EFF-AF8232711055}
	EndGlobalSection
EndGlobal
